
Microsoft Visual Studio Solution File, Format Version 12.00
# Visual Studio Version 18
VisualStudioVersion = 18.0.11205.157
MinimumVisualStudioVersion = 10.0.40219.1
Project("{FAE04EC0-301F-11D3-BF4B-00C04F79EFBC}") = "CompanyEmployees", "CompanyEmployees\CompanyEmployees.csproj", "{9CF91BEF-C9FE-4552-AADE-8AF57BF60E9F}"
EndProject
Project("{FAE04EC0-301F-11D3-BF4B-00C04F79EFBC}") = "MiddlewareExample", "MiddlewareExample\MiddlewareExample.csproj", "{6DC77163-BA60-430D-A6E4-B042B5B86F2A}"
EndProject
Project("{FAE04EC0-301F-11D3-BF4B-00C04F79EFBC}") = "Contracts", "Contracts\Contracts.csproj", "{48A176E8-E236-4E98-8CCF-38B6D3E9AC86}"
EndProject
Project("{FAE04EC0-301F-11D3-BF4B-00C04F79EFBC}") = "LoggerService", "LoggerService\LoggerService.csproj", "{08700173-4AF8-4A5F-8B05-C4FC550EE27D}"
EndProject
Project("{FAE04EC0-301F-11D3-BF4B-00C04F79EFBC}") = "Entities", "Entities\Entities.csproj", "{FDFEC900-2CDA-4D02-BAAE-5A63A2BD81C1}"
EndProject
Project("{FAE04EC0-301F-11D3-BF4B-00C04F79EFBC}") = "Repository", "Repository\Repository.csproj", "{DC864AA8-6E75-47D2-9AAB-97DBE3F7C425}"
EndProject
Project("{FAE04EC0-301F-11D3-BF4B-00C04F79EFBC}") = "Service.Contracts", "Service.Contracts\Service.Contracts.csproj", "{66716F0D-8EB8-4531-8DF3-FF84EF607D48}"
EndProject
Project("{FAE04EC0-301F-11D3-BF4B-00C04F79EFBC}") = "Service", "Service\Service.csproj", "{3781AB00-F369-4CD2-8750-85CEA134BD81}"
EndProject
Project("{FAE04EC0-301F-11D3-BF4B-00C04F79EFBC}") = "CompanyEmployees.Presentation", "CompanyEmployees.Presentation\CompanyEmployees.Presentation.csproj", "{8DAC78C6-6A98-4CB8-A7CF-F1E579873B96}"
EndProject
Project("{FAE04EC0-301F-11D3-BF4B-00C04F79EFBC}") = "Shared", "Shared\Shared.csproj", "{A29C66B8-9F71-4997-9E05-B6671F65FB54}"
EndProject
Global
	GlobalSection(SolutionConfigurationPlatforms) = preSolution
		Debug|Any CPU = Debug|Any CPU
		Release|Any CPU = Release|Any CPU
	EndGlobalSection
	GlobalSection(ProjectConfigurationPlatforms) = postSolution
		{9CF91BEF-C9FE-4552-AADE-8AF57BF60E9F}.Debug|Any CPU.ActiveCfg = Debug|Any CPU
		{9CF91BEF-C9FE-4552-AADE-8AF57BF60E9F}.Debug|Any CPU.Build.0 = Debug|Any CPU
		{9CF91BEF-C9FE-4552-AADE-8AF57BF60E9F}.Release|Any CPU.ActiveCfg = Release|Any CPU
		{9CF91BEF-C9FE-4552-AADE-8AF57BF60E9F}.Release|Any CPU.Build.0 = Release|Any CPU
		{6DC77163-BA60-430D-A6E4-B042B5B86F2A}.Debug|Any CPU.ActiveCfg = Debug|Any CPU
		{6DC77163-BA60-430D-A6E4-B042B5B86F2A}.Debug|Any CPU.Build.0 = Debug|Any CPU
		{6DC77163-BA60-430D-A6E4-B042B5B86F2A}.Release|Any CPU.ActiveCfg = Release|Any CPU
		{6DC77163-BA60-430D-A6E4-B042B5B86F2A}.Release|Any CPU.Build.0 = Release|Any CPU
		{48A176E8-E236-4E98-8CCF-38B6D3E9AC86}.Debug|Any CPU.ActiveCfg = Debug|Any CPU
		{48A176E8-E236-4E98-8CCF-38B6D3E9AC86}.Debug|Any CPU.Build.0 = Debug|Any CPU
		{48A176E8-E236-4E98-8CCF-38B6D3E9AC86}.Release|Any CPU.ActiveCfg = Release|Any CPU
		{48A176E8-E236-4E98-8CCF-38B6D3E9AC86}.Release|Any CPU.Build.0 = Release|Any CPU
		{08700173-4AF8-4A5F-8B05-C4FC550EE27D}.Debug|Any CPU.ActiveCfg = Debug|Any CPU
		{08700173-4AF8-4A5F-8B05-C4FC550EE27D}.Debug|Any CPU.Build.0 = Debug|Any CPU
		{08700173-4AF8-4A5F-8B05-C4FC550EE27D}.Release|Any CPU.ActiveCfg = Release|Any CPU
		{08700173-4AF8-4A5F-8B05-C4FC550EE27D}.Release|Any CPU.Build.0 = Release|Any CPU
		{FDFEC900-2CDA-4D02-BAAE-5A63A2BD81C1}.Debug|Any CPU.ActiveCfg = Debug|Any CPU
		{FDFEC900-2CDA-4D02-BAAE-5A63A2BD81C1}.Debug|Any CPU.Build.0 = Debug|Any CPU
		{FDFEC900-2CDA-4D02-BAAE-5A63A2BD81C1}.Release|Any CPU.ActiveCfg = Release|Any CPU
		{FDFEC900-2CDA-4D02-BAAE-5A63A2BD81C1}.Release|Any CPU.Build.0 = Release|Any CPU
		{DC864AA8-6E75-47D2-9AAB-97DBE3F7C425}.Debug|Any CPU.ActiveCfg = Debug|Any CPU
		{DC864AA8-6E75-47D2-9AAB-97DBE3F7C425}.Debug|Any CPU.Build.0 = Debug|Any CPU
		{DC864AA8-6E75-47D2-9AAB-97DBE3F7C425}.Release|Any CPU.ActiveCfg = Release|Any CPU
		{DC864AA8-6E75-47D2-9AAB-97DBE3F7C425}.Release|Any CPU.Build.0 = Release|Any CPU
		{66716F0D-8EB8-4531-8DF3-FF84EF607D48}.Debug|Any CPU.ActiveCfg = Debug|Any CPU
		{66716F0D-8EB8-4531-8DF3-FF84EF607D48}.Debug|Any CPU.Build.0 = Debug|Any CPU
		{66716F0D-8EB8-4531-8DF3-FF84EF607D48}.Release|Any CPU.ActiveCfg = Release|Any CPU
		{66716F0D-8EB8-4531-8DF3-FF84EF607D48}.Release|Any CPU.Build.0 = Release|Any CPU
		{3781AB00-F369-4CD2-8750-85CEA134BD81}.Debug|Any CPU.ActiveCfg = Debug|Any CPU
		{3781AB00-F369-4CD2-8750-85CEA134BD81}.Debug|Any CPU.Build.0 = Debug|Any CPU
		{3781AB00-F369-4CD2-8750-85CEA134BD81}.Release|Any CPU.ActiveCfg = Release|Any CPU
		{3781AB00-F369-4CD2-8750-85CEA134BD81}.Release|Any CPU.Build.0 = Release|Any CPU
		{8DAC78C6-6A98-4CB8-A7CF-F1E579873B96}.Debug|Any CPU.ActiveCfg = Debug|Any CPU
		{8DAC78C6-6A98-4CB8-A7CF-F1E579873B96}.Debug|Any CPU.Build.0 = Debug|Any CPU
		{8DAC78C6-6A98-4CB8-A7CF-F1E579873B96}.Release|Any CPU.ActiveCfg = Release|Any CPU
		{8DAC78C6-6A98-4CB8-A7CF-F1E579873B96}.Release|Any CPU.Build.0 = Release|Any CPU
		{A29C66B8-9F71-4997-9E05-B6671F65FB54}.Debug|Any CPU.ActiveCfg = Debug|Any CPU
		{A29C66B8-9F71-4997-9E05-B6671F65FB54}.Debug|Any CPU.Build.0 = Debug|Any CPU
		{A29C66B8-9F71-4997-9E05-B6671F65FB54}.Release|Any CPU.ActiveCfg = Release|Any CPU
		{A29C66B8-9F71-4997-9E05-B6671F65FB54}.Release|Any CPU.Build.0 = Release|Any CPU
	EndGlobalSection
	GlobalSection(SolutionProperties) = preSolution
		HideSolutionNode = FALSE
	EndGlobalSection
	GlobalSection(ExtensibilityGlobals) = postSolution
		SolutionGuid = {FC877CED-0206-48D2-825F-75308A3160A8}
	EndGlobalSection
EndGlobal
